PODS:
  - AppCenter (3.3.4):
    - AppCenter/Analytics (= 3.3.4)
    - AppCenter/Crashes (= 3.3.4)
  - AppCenter/Analytics (3.3.4):
    - AppCenter/Core
  - AppCenter/Core (3.3.4)
  - AppCenter/Crashes (3.3.4):
    - AppCenter/Core
  - AppCenter/Distribute (3.3.4):
    - AppCenter/Core
  - device_info_plus (0.0.1):
    - Flutter
  - device_info_vs (0.0.1):
    - Flutter
  - Flutter (1.0.0)
  - flutter_appcenter_bundle (0.0.1):
    - AppCenter (~> 3.3.4)
    - AppCenter/Distribute (~> 3.3.4)
    - Flutter
  - flutter_webrtc (0.9.25):
    - Flutter
    - WebRTC-SDK (= 104.5112.16)
  - package_info_plus (0.4.5):
    - Flutter
  - path_provider_foundation (0.0.1):
    - Flutter
    - FlutterMacOS
  - shared_preferences_foundation (0.0.1):
    - Flutter
    - FlutterMacOS
  - WebRTC-SDK (104.5112.16)

DEPENDENCIES:
  - device_info_plus (from `.symlinks/plugins/device_info_plus/ios`)
  - device_info_vs (from `.symlinks/plugins/device_info_vs/ios`)
  - Flutter (from `Flutter`)
  - flutter_appcenter_bundle (from `.symlinks/plugins/flutter_appcenter_bundle/ios`)
  - flutter_webrtc (from `.symlinks/plugins/flutter_webrtc/ios`)
  - package_info_plus (from `.symlinks/plugins/package_info_plus/ios`)
  - path_provider_foundation (from `.symlinks/plugins/path_provider_foundation/ios`)
  - shared_preferences_foundation (from `.symlinks/plugins/shared_preferences_foundation/ios`)

SPEC REPOS:
  trunk:
    - AppCenter
    - WebRTC-SDK

EXTERNAL SOURCES:
  device_info_plus:
    :path: ".symlinks/plugins/device_info_plus/ios"
  device_info_vs:
    :path: ".symlinks/plugins/device_info_vs/ios"
  Flutter:
    :path: Flutter
  flutter_appcenter_bundle:
    :path: ".symlinks/plugins/flutter_appcenter_bundle/ios"
  flutter_webrtc:
    :path: ".symlinks/plugins/flutter_webrtc/ios"
  package_info_plus:
    :path: ".symlinks/plugins/package_info_plus/ios"
  path_provider_foundation:
    :path: ".symlinks/plugins/path_provider_foundation/ios"
  shared_preferences_foundation:
    :path: ".symlinks/plugins/shared_preferences_foundation/ios"

SPEC CHECKSUMS:
  AppCenter: 0487be185c038ed2ecc5ed38219af1dcd280af23
  device_info_plus: e5c5da33f982a436e103237c0c85f9031142abed
  device_info_vs: 5e42a1bbf421ddb1e5f1a798248928fb453d0742
  Flutter: f04841e97a9d0b0a8025694d0796dd46242b2854
  flutter_appcenter_bundle: e8cb9428b85abc67bec226ce30d00f819dde9c55
  flutter_webrtc: ae7ab6f74d3c4f186594a74863f11433e7ab148a
  package_info_plus: 6c92f08e1f853dc01228d6f553146438dafcd14e
  path_provider_foundation: 37748e03f12783f9de2cb2c4eadfaa25fe6d4852
  shared_preferences_foundation: 297b3ebca31b34ec92be11acd7fb0ba932c822ca
  WebRTC-SDK: 566e58d2916cb79d770350169a449ea523f5db7c

PODFILE CHECKSUM: 7368163408c647b7eb699d0d788ba6718e18fb8d

COCOAPODS: 1.11.3
